// !$*UTF8*$!
{
	archiveVersion = 1;
	classes = {
	};
	objectVersion = 46;
	objects = {

/* Begin PBXBuildFile section */
		2D8E2A911DD142D100745409 /* AppDelegate.swift in Sources */ = {isa = PBXBuildFile; fileRef = 2D8E2A901DD142D100745409 /* AppDelegate.swift */; };
		2D8E2A931DD142D100745409 /* ViewController.swift in Sources */ = {isa = PBXBuildFile; fileRef = 2D8E2A921DD142D100745409 /* ViewController.swift */; };
		2D8E2A961DD142D100745409 /* Main.storyboard in Resources */ = {isa = PBXBuildFile; fileRef = 2D8E2A941DD142D100745409 /* Main.storyboard */; };
		2D8E2A981DD142D100745409 /* Assets.xcassets in Resources */ = {isa = PBXBuildFile; fileRef = 2D8E2A971DD142D100745409 /* Assets.xcassets */; };
		2D8E2A9B1DD142D100745409 /* LaunchScreen.storyboard in Resources */ = {isa = PBXBuildFile; fileRef = 2D8E2A991DD142D100745409 /* LaunchScreen.storyboard */; };
		2D8E2AA61DD142D100745409 /* HelloWorldTests.swift in Sources */ = {isa = PBXBuildFile; fileRef = 2D8E2AA51DD142D100745409 /* HelloWorldTests.swift */; };
		2D8E2AB11DD142D100745409 /* HelloWorldUITests.swift in Sources */ = {isa = PBXBuildFile; fileRef = 2D8E2AB01DD142D100745409 /* HelloWorldUITests.swift */; };
		2D95F19E1DE2850F00BB49AD /* MoviesViewController.swift in Sources */ = {isa = PBXBuildFile; fileRef = 2D95F19D1DE2850F00BB49AD /* MoviesViewController.swift */; };
		2D95F1A21DE3264F00BB49AD /* CustomCell.swift in Sources */ = {isa = PBXBuildFile; fileRef = 2D95F1A11DE3264F00BB49AD /* CustomCell.swift */; };
		2D95F1A41DE32C1100BB49AD /* MovieDetailsViewController.swift in Sources */ = {isa = PBXBuildFile; fileRef = 2D95F1A31DE32C1100BB49AD /* MovieDetailsViewController.swift */; };
		2DC079CC1DDA8B08000B6F36 /* ThemingViewController.swift in Sources */ = {isa = PBXBuildFile; fileRef = 2DC079CB1DDA8B08000B6F36 /* ThemingViewController.swift */; };
/* End PBXBuildFile section */

/* Begin PBXContainerItemProxy section */
		2D8E2AA21DD142D100745409 /* PBXContainerItemProxy */ = {
			isa = PBXContainerItemProxy;
			containerPortal = 2D8E2A851DD142D100745409 /* Project object */;
			proxyType = 1;
			remoteGlobalIDString = 2D8E2A8C1DD142D100745409;
			remoteInfo = HelloWorld;
		};
		2D8E2AAD1DD142D100745409 /* PBXContainerItemProxy */ = {
			isa = PBXContainerItemProxy;
			containerPortal = 2D8E2A851DD142D100745409 /* Project object */;
			proxyType = 1;
			remoteGlobalIDString = 2D8E2A8C1DD142D100745409;
			remoteInfo = HelloWorld;
		};
/* End PBXContainerItemProxy section */

/* Begin PBXFileReference section */
		2D8E2A8D1DD142D100745409 /* HelloWorld.app */ = {isa = PBXFileReference; explicitFileType = wrapper.application; includeInIndex = 0; path = HelloWorld.app; sourceTree = BUILT_PRODUCTS_DIR; };
		2D8E2A901DD142D100745409 /* AppDelegate.swift */ = {isa = PBXFileReference; lastKnownFileType = sourcecode.swift; path = AppDelegate.swift; sourceTree = "<group>"; };
		2D8E2A921DD142D100745409 /* ViewController.swift */ = {isa = PBXFileReference; lastKnownFileType = sourcecode.swift; path = ViewController.swift; sourceTree = "<group>"; };
		2D8E2A951DD142D100745409 /* Base */ = {isa = PBXFileReference; lastKnownFileType = file.storyboard; name = Base; path = Base.lproj/Main.storyboard; sourceTree = "<group>"; };
		2D8E2A971DD142D100745409 /* Assets.xcassets */ = {isa = PBXFileReference; lastKnownFileType = folder.assetcatalog; path = Assets.xcassets; sourceTree = "<group>"; };
		2D8E2A9A1DD142D100745409 /* Base */ = {isa = PBXFileReference; lastKnownFileType = file.storyboard; name = Base; path = Base.lproj/LaunchScreen.storyboard; sourceTree = "<group>"; };
		2D8E2A9C1DD142D100745409 /* Info.plist */ = {isa = PBXFileReference; lastKnownFileType = text.plist.xml; path = Info.plist; sourceTree = "<group>"; };
		2D8E2AA11DD142D100745409 /* HelloWorldTests.xctest */ = {isa = PBXFileReference; explicitFileType = wrapper.cfbundle; includeInIndex = 0; path = HelloWorldTests.xctest; sourceTree = BUILT_PRODUCTS_DIR; };
		2D8E2AA51DD142D100745409 /* HelloWorldTests.swift */ = {isa = PBXFileReference; lastKnownFileType = sourcecode.swift; path = HelloWorldTests.swift; sourceTree = "<group>"; };
		2D8E2AA71DD142D100745409 /* Info.plist */ = {isa = PBXFileReference; lastKnownFileType = text.plist.xml; path = Info.plist; sourceTree = "<group>"; };
		2D8E2AAC1DD142D100745409 /* HelloWorldUITests.xctest */ = {isa = PBXFileReference; explicitFileType = wrapper.cfbundle; includeInIndex = 0; path = HelloWorldUITests.xctest; sourceTree = BUILT_PRODUCTS_DIR; };
		2D8E2AB01DD142D100745409 /* HelloWorldUITests.swift */ = {isa = PBXFileReference; lastKnownFileType = sourcecode.swift; path = HelloWorldUITests.swift; sourceTree = "<group>"; };
		2D8E2AB21DD142D100745409 /* Info.plist */ = {isa = PBXFileReference; lastKnownFileType = text.plist.xml; path = Info.plist; sourceTree = "<group>"; };
		2D95F19D1DE2850F00BB49AD /* MoviesViewController.swift */ = {isa = PBXFileReference; fileEncoding = 4; lastKnownFileType = sourcecode.swift; path = MoviesViewController.swift; sourceTree = "<group>"; };
		2D95F1A11DE3264F00BB49AD /* CustomCell.swift */ = {isa = PBXFileReference; fileEncoding = 4; lastKnownFileType = sourcecode.swift; path = CustomCell.swift; sourceTree = "<group>"; };
		2D95F1A31DE32C1100BB49AD /* MovieDetailsViewController.swift */ = {isa = PBXFileReference; fileEncoding = 4; lastKnownFileType = sourcecode.swift; path = MovieDetailsViewController.swift; sourceTree = "<group>"; };
		2DC079CB1DDA8B08000B6F36 /* ThemingViewController.swift */ = {isa = PBXFileReference; fileEncoding = 4; lastKnownFileType = sourcecode.swift; path = ThemingViewController.swift; sourceTree = "<group>"; };
/* End PBXFileReference section */

/* Begin PBXFrameworksBuildPhase section */
		2D8E2A8A1DD142D100745409 /* Frameworks */ = {
			isa = PBXFrameworksBuildPhase;
			buildActionMask = 2147483647;
			files = (
			);
			runOnlyForDeploymentPostprocessing = 0;
		};
		2D8E2A9E1DD142D100745409 /* Frameworks */ = {
			isa = PBXFrameworksBuildPhase;
			buildActionMask = 2147483647;
			files = (
			);
			runOnlyForDeploymentPostprocessing = 0;
		};
		2D8E2AA91DD142D100745409 /* Frameworks */ = {
			isa = PBXFrameworksBuildPhase;
			buildActionMask = 2147483647;
			files = (
			);
			runOnlyForDeploymentPostprocessing = 0;
		};
/* End PBXFrameworksBuildPhase section */

/* Begin PBXGroup section */
		2D8E2A841DD142D100745409 = {
			isa = PBXGroup;
			children = (
				2D8E2A8F1DD142D100745409 /* HelloWorld */,
				2D8E2AA41DD142D100745409 /* HelloWorldTests */,
				2D8E2AAF1DD142D100745409 /* HelloWorldUITests */,
				2D8E2A8E1DD142D100745409 /* Products */,
			);
			sourceTree = "<group>";
		};
		2D8E2A8E1DD142D100745409 /* Products */ = {
			isa = PBXGroup;
			children = (
				2D8E2A8D1DD142D100745409 /* HelloWorld.app */,
				2D8E2AA11DD142D100745409 /* HelloWorldTests.xctest */,
				2D8E2AAC1DD142D100745409 /* HelloWorldUITests.xctest */,
			);
			name = Products;
			sourceTree = "<group>";
		};
		2D8E2A8F1DD142D100745409 /* HelloWorld */ = {
			isa = PBXGroup;
			children = (
				2D8E2A901DD142D100745409 /* AppDelegate.swift */,
				2D8E2A921DD142D100745409 /* ViewController.swift */,
				2DC079CB1DDA8B08000B6F36 /* ThemingViewController.swift */,
				2D8E2A941DD142D100745409 /* Main.storyboard */,
				2D8E2A971DD142D100745409 /* Assets.xcassets */,
				2D8E2A991DD142D100745409 /* LaunchScreen.storyboard */,
				2D8E2A9C1DD142D100745409 /* Info.plist */,
				2D95F19D1DE2850F00BB49AD /* MoviesViewController.swift */,
				2D95F1A11DE3264F00BB49AD /* CustomCell.swift */,
				2D95F1A31DE32C1100BB49AD /* MovieDetailsViewController.swift */,
			);
			path = HelloWorld;
			sourceTree = "<group>";
		};
		2D8E2AA41DD142D100745409 /* HelloWorldTests */ = {
			isa = PBXGroup;
			children = (
				2D8E2AA51DD142D100745409 /* HelloWorldTests.swift */,
				2D8E2AA71DD142D100745409 /* Info.plist */,
			);
			path = HelloWorldTests;
			sourceTree = "<group>";
		};
		2D8E2AAF1DD142D100745409 /* HelloWorldUITests */ = {
			isa = PBXGroup;
			children = (
				2D8E2AB01DD142D100745409 /* HelloWorldUITests.swift */,
				2D8E2AB21DD142D100745409 /* Info.plist */,
			);
			path = HelloWorldUITests;
			sourceTree = "<group>";
		};
/* End PBXGroup section */

/* Begin PBXNativeTarget section */
		2D8E2A8C1DD142D100745409 /* HelloWorld */ = {
			isa = PBXNativeTarget;
			buildConfigurationList = 2D8E2AB51DD142D100745409 /* Build configuration list for PBXNativeTarget "HelloWorld" */;
			buildPhases = (
				2D8E2A891DD142D100745409 /* Sources */,
				2D8E2A8A1DD142D100745409 /* Frameworks */,
				2D8E2A8B1DD142D100745409 /* Resources */,
			);
			buildRules = (
			);
			dependencies = (
			);
			name = HelloWorld;
			productName = HelloWorld;
			productReference = 2D8E2A8D1DD142D100745409 /* HelloWorld.app */;
			productType = "com.apple.product-type.application";
		};
		2D8E2AA01DD142D100745409 /* HelloWorldTests */ = {
			isa = PBXNativeTarget;
			buildConfigurationList = 2D8E2AB81DD142D100745409 /* Build configuration list for PBXNativeTarget "HelloWorldTests" */;
			buildPhases = (
				2D8E2A9D1DD142D100745409 /* Sources */,
				2D8E2A9E1DD142D100745409 /* Frameworks */,
				2D8E2A9F1DD142D100745409 /* Resources */,
			);
			buildRules = (
			);
			dependencies = (
				2D8E2AA31DD142D100745409 /* PBXTargetDependency */,
			);
			name = HelloWorldTests;
			productName = HelloWorldTests;
			productReference = 2D8E2AA11DD142D100745409 /* HelloWorldTests.xctest */;
			productType = "com.apple.product-type.bundle.unit-test";
		};
		2D8E2AAB1DD142D100745409 /* HelloWorldUITests */ = {
			isa = PBXNativeTarget;
			buildConfigurationList = 2D8E2ABB1DD142D100745409 /* Build configuration list for PBXNativeTarget "HelloWorldUITests" */;
			buildPhases = (
				2D8E2AA81DD142D100745409 /* Sources */,
				2D8E2AA91DD142D100745409 /* Frameworks */,
				2D8E2AAA1DD142D100745409 /* Resources */,
			);
			buildRules = (
			);
			dependencies = (
				2D8E2AAE1DD142D100745409 /* PBXTargetDependency */,
			);
			name = HelloWorldUITests;
			productName = HelloWorldUITests;
			productReference = 2D8E2AAC1DD142D100745409 /* HelloWorldUITests.xctest */;
			productType = "com.apple.product-type.bundle.ui-testing";
		};
/* End PBXNativeTarget section */

/* Begin PBXProject section */
		2D8E2A851DD142D100745409 /* Project object */ = {
			isa = PBXProject;
			attributes = {
				LastSwiftUpdateCheck = 0810;
				LastUpgradeCheck = 0810;
				ORGANIZATIONNAME = "Lazarony, Robert";
				TargetAttributes = {
					2D8E2A8C1DD142D100745409 = {
						CreatedOnToolsVersion = 8.1;
						ProvisioningStyle = Automatic;
					};
					2D8E2AA01DD142D100745409 = {
						CreatedOnToolsVersion = 8.1;
						ProvisioningStyle = Automatic;
						TestTargetID = 2D8E2A8C1DD142D100745409;
					};
					2D8E2AAB1DD142D100745409 = {
						CreatedOnToolsVersion = 8.1;
						ProvisioningStyle = Automatic;
						TestTargetID = 2D8E2A8C1DD142D100745409;
					};
				};
			};
			buildConfigurationList = 2D8E2A881DD142D100745409 /* Build configuration list for PBXProject "HelloWorld" */;
			compatibilityVersion = "Xcode 3.2";
			developmentRegion = English;
			hasScannedForEncodings = 0;
			knownRegions = (
				en,
				Base,
			);
			mainGroup = 2D8E2A841DD142D100745409;
			productRefGroup = 2D8E2A8E1DD142D100745409 /* Products */;
			projectDirPath = "";
			projectRoot = "";
			targets = (
				2D8E2A8C1DD142D100745409 /* HelloWorld */,
				2D8E2AA01DD142D100745409 /* HelloWorldTests */,
				2D8E2AAB1DD142D100745409 /* HelloWorldUITests */,
			);
		};
/* End PBXProject section */

/* Begin PBXResourcesBuildPhase section */
		2D8E2A8B1DD142D100745409 /* Resources */ = {
			isa = PBXResourcesBuildPhase;
			buildActionMask = 2147483647;
			files = (
				2D8E2A9B1DD142D100745409 /* LaunchScreen.storyboard in Resources */,
				2D8E2A981DD142D100745409 /* Assets.xcassets in Resources */,
				2D8E2A961DD142D100745409 /* Main.storyboard in Resources */,
			);
			runOnlyForDeploymentPostprocessing = 0;
		};
		2D8E2A9F1DD142D100745409 /* Resources */ = {
			isa = PBXResourcesBuildPhase;
			buildActionMask = 2147483647;
			files = (
			);
			runOnlyForDeploymentPostprocessing = 0;
		};
		2D8E2AAA1DD142D100745409 /* Resources */ = {
			isa = PBXResourcesBuildPhase;
			buildActionMask = 2147483647;
			files = (
			);
			runOnlyForDeploymentPostprocessing = 0;
		};
/* End PBXResourcesBuildPhase section */

/* Begin PBXSourcesBuildPhase section */
		2D8E2A891DD142D100745409 /* Sources */ = {
			isa = PBXSourcesBuildPhase;
			buildActionMask = 2147483647;
			files = (
				2D95F19E1DE2850F00BB49AD /* MoviesViewController.swift in Sources */,
				2D8E2A931DD142D100745409 /* ViewController.swift in Sources */,
				2D95F1A41DE32C1100BB49AD /* MovieDetailsViewController.swift in Sources */,
				2DC079CC1DDA8B08000B6F36 /* ThemingViewController.swift in Sources */,
				2D8E2A911DD142D100745409 /* AppDelegate.swift in Sources */,
				2D95F1A21DE3264F00BB49AD /* CustomCell.swift in Sources */,
			);
			runOnlyForDeploymentPostprocessing = 0;
		};
		2D8E2A9D1DD142D100745409 /* Sources */ = {
			isa = PBXSourcesBuildPhase;
			buildActionMask = 2147483647;
			files = (
				2D8E2AA61DD142D100745409 /* HelloWorldTests.swift in Sources */,
			);
			runOnlyForDeploymentPostprocessing = 0;
		};
		2D8E2AA81DD142D100745409 /* Sources */ = {
			isa = PBXSourcesBuildPhase;
			buildActionMask = 2147483647;
			files = (
				2D8E2AB11DD142D100745409 /* HelloWorldUITests.swift in Sources */,
			);
			runOnlyForDeploymentPostprocessing = 0;
		};
/* End PBXSourcesBuildPhase section */

/* Begin PBXTargetDependency section */
		2D8E2AA31DD142D100745409 /* PBXTargetDependency */ = {
			isa = PBXTargetDependency;
			target = 2D8E2A8C1DD142D100745409 /* HelloWorld */;
			targetProxy = 2D8E2AA21DD142D100745409 /* PBXContainerItemProxy */;
		};
		2D8E2AAE1DD142D100745409 /* PBXTargetDependency */ = {
			isa = PBXTargetDependency;
			target = 2D8E2A8C1DD142D100745409 /* HelloWorld */;
			targetProxy = 2D8E2AAD1DD142D100745409 /* PBXContainerItemProxy */;
		};
/* End PBXTargetDependency section */

/* Begin PBXVariantGroup section */
		2D8E2A941DD142D100745409 /* Main.storyboard */ = {
			isa = PBXVariantGroup;
			children = (
				2D8E2A951DD142D100745409 /* Base */,
			);
			name = Main.storyboard;
			sourceTree = "<group>";
		};
		2D8E2A991DD142D100745409 /* LaunchScreen.storyboard */ = {
			isa = PBXVariantGroup;
			children = (
				2D8E2A9A1DD142D100745409 /* Base */,
			);
			name = LaunchScreen.storyboard;
			sourceTree = "<group>";
		};
/* End PBXVariantGroup section */

/* Begin XCBuildConfiguration section */
		2D8E2AB31DD142D100745409 /* Debug */ = {
			isa = XCBuildConfiguration;
			buildSettings = {
				ALWAYS_SEARCH_USER_PATHS = NO;
				CLANG_ANALYZER_NONNULL = YES;
				CLANG_CXX_LANGUAGE_STANDARD = "gnu++0x";
				CLANG_CXX_LIBRARY = "libc++";
				CLANG_ENABLE_MODULES = YES;
				CLANG_ENABLE_OBJC_ARC = YES;
				CLANG_WARN_BOOL_CONVERSION = YES;
				CLANG_WARN_CONSTANT_CONVERSION = YES;
				CLANG_WARN_DIRECT_OBJC_ISA_USAGE = YES_ERROR;
				CLANG_WARN_DOCUMENTATION_COMMENTS = YES;
				CLANG_WARN_EMPTY_BODY = YES;
				CLANG_WARN_ENUM_CONVERSION = YES;
				CLANG_WARN_INFINITE_RECURSION = YES;
				CLANG_WARN_INT_CONVERSION = YES;
				CLANG_WARN_OBJC_ROOT_CLASS = YES_ERROR;
				CLANG_WARN_SUSPICIOUS_MOVES = YES;
				CLANG_WARN_UNREACHABLE_CODE = YES;
				CLANG_WARN__DUPLICATE_METHOD_MATCH = YES;
				"CODE_SIGN_IDENTITY[sdk=iphoneos*]" = "iPhone Developer";
				COPY_PHASE_STRIP = NO;
				DEBUG_INFORMATION_FORMAT = dwarf;
				ENABLE_STRICT_OBJC_MSGSEND = YES;
				ENABLE_TESTABILITY = YES;
				GCC_C_LANGUAGE_STANDARD = gnu99;
				GCC_DYNAMIC_NO_PIC = NO;
				GCC_NO_COMMON_BLOCKS = YES;
				GCC_OPTIMIZATION_LEVEL = 0;
				GCC_PREPROCESSOR_DEFINITIONS = (
					"DEBUG=1",
					"$(inherited)",
				);
				GCC_WARN_64_TO_32_BIT_CONVERSION = YES;
				GCC_WARN_ABOUT_RETURN_TYPE = YES_ERROR;
				GCC_WARN_UNDECLARED_SELECTOR = YES;
				GCC_WARN_UNINITIALIZED_AUTOS = YES_AGGRESSIVE;
				GCC_WARN_UNUSED_FUNCTION = YES;
				GCC_WARN_UNUSED_VARIABLE = YES;
				IPHONEOS_DEPLOYMENT_TARGET = 10.1;
				MTL_ENABLE_DEBUG_INFO = YES;
				ONLY_ACTIVE_ARCH = YES;
				SDKROOT = iphoneos;
				SWIFT_ACTIVE_COMPILATION_CONDITIONS = DEBUG;
				SWIFT_OPTIMIZATION_LEVEL = "-Onone";
				TARGETED_DEVICE_FAMILY = "1,2";
			};
			name = Debug;
		};
		2D8E2AB41DD142D100745409 /* Release */ = {
			isa = XCBuildConfiguration;
			buildSettings = {
				ALWAYS_SEARCH_USER_PATHS = NO;
				CLANG_ANALYZER_NONNULL = YES;
				CLANG_CXX_LANGUAGE_STANDARD = "gnu++0x";
				CLANG_CXX_LIBRARY = "libc++";
				CLANG_ENABLE_MODULES = YES;
				CLANG_ENABLE_OBJC_ARC = YES;
				CLANG_WARN_BOOL_CONVERSION = YES;
				CLANG_WARN_CONSTANT_CONVERSION = YES;
				CLANG_WARN_DIRECT_OBJC_ISA_USAGE = YES_ERROR;
				CLANG_WARN_DOCUMENTATION_COMMENTS = YES;
				CLANG_WARN_EMPTY_BODY = YES;
				CLANG_WARN_ENUM_CONVERSION = YES;
				CLANG_WARN_INFINITE_RECURSION = YES;
				CLANG_WARN_INT_CONVERSION = YES;
				CLANG_WARN_OBJC_ROOT_CLASS = YES_ERROR;
				CLANG_WARN_SUSPICIOUS_MOVES = YES;
				CLANG_WARN_UNREACHABLE_CODE = YES;
				CLANG_WARN__DUPLICATE_METHOD_MATCH = YES;
				"CODE_SIGN_IDENTITY[sdk=iphoneos*]" = "iPhone Developer";
				COPY_PHASE_STRIP = NO;
				DEBUG_INFORMATION_FORMAT = "dwarf-with-dsym";
				ENABLE_NS_ASSERTIONS = NO;
				ENABLE_STRICT_OBJC_MSGSEND = YES;
				GCC_C_LANGUAGE_STANDARD = gnu99;
				GCC_NO_COMMON_BLOCKS = YES;
				GCC_WARN_64_TO_32_BIT_CONVERSION = YES;
				GCC_WARN_ABOUT_RETURN_TYPE = YES_ERROR;
				GCC_WARN_UNDECLARED_SELECTOR = YES;
				GCC_WARN_UNINITIALIZED_AUTOS = YES_AGGRESSIVE;
				GCC_WARN_UNUSED_FUNCTION = YES;
				GCC_WARN_UNUSED_VARIABLE = YES;
				IPHONEOS_DEPLOYMENT_TARGET = 10.1;
				MTL_ENABLE_DEBUG_INFO = NO;
				SDKROOT = iphoneos;
				SWIFT_OPTIMIZATION_LEVEL = "-Owholemodule";
				TARGETED_DEVICE_FAMILY = "1,2";
				VALIDATE_PRODUCT = YES;
			};
			name = Release;
		};
		2D8E2AB61DD142D100745409 /* Debug */ = {
			isa = XCBuildConfiguration;
			buildSettings = {
				ASSETCATALOG_COMPILER_APPICON_NAME = AppIcon;
				INFOPLIST_FILE = HelloWorld/Info.plist;
				LD_RUNPATH_SEARCH_PATHS = "$(inherited) @executable_path/Frameworks";
				PRODUCT_BUNDLE_IDENTIFIER = ICC.HelloWorld;
				PRODUCT_NAME = "$(TARGET_NAME)";
				SWIFT_VERSION = 3.0;
			};
			name = Debug;
		};
		2D8E2AB71DD142D100745409 /* Release */ = {
			isa = XCBuildConfiguration;
			buildSettings = {
				ASSETCATALOG_COMPILER_APPICON_NAME = AppIcon;
				INFOPLIST_FILE = HelloWorld/Info.plist;
				LD_RUNPATH_SEARCH_PATHS = "$(inherited) @executable_path/Frameworks";
				PRODUCT_BUNDLE_IDENTIFIER = ICC.HelloWorld;
				PRODUCT_NAME = "$(TARGET_NAME)";
				SWIFT_VERSION = 3.0;
			};
			name = Release;
		};
		2D8E2AB91DD142D100745409 /* Debug */ = {
			isa = XCBuildConfiguration;
			buildSettings = {
				ALWAYS_EMBED_SWIFT_STANDARD_LIBRARIES = YES;
				BUNDLE_LOADER = "$(TEST_HOST)";
				INFOPLIST_FILE = HelloWorldTests/Info.plist;
				LD_RUNPATH_SEARCH_PATHS = "$(inherited) @executable_path/Frameworks @loader_path/Frameworks";
				PRODUCT_BUNDLE_IDENTIFIER = ICC.HelloWorldTests;
				PRODUCT_NAME = "$(TARGET_NAME)";
				SWIFT_VERSION = 3.0;
				TEST_HOST = "$(BUILT_PRODUCTS_DIR)/HelloWorld.app/HelloWorld";
			};
			name = Debug;
		};
		2D8E2ABA1DD142D100745409 /* Release */ = {
			isa = XCBuildConfiguration;
			buildSettings = {
				ALWAYS_EMBED_SWIFT_STANDARD_LIBRARIES = YES;
				BUNDLE_LOADER = "$(TEST_HOST)";
				INFOPLIST_FILE = HelloWorldTests/Info.plist;
				LD_RUNPATH_SEARCH_PATHS = "$(inherited) @executable_path/Frameworks @loader_path/Frameworks";
				PRODUCT_BUNDLE_IDENTIFIER = ICC.HelloWorldTests;
				PRODUCT_NAME = "$(TARGET_NAME)";
				SWIFT_VERSION = 3.0;
				TEST_HOST = "$(BUILT_PRODUCTS_DIR)/HelloWorld.app/HelloWorld";
			};
			name = Release;
		};
		2D8E2ABC1DD142D100745409 /* Debug */ = {
			isa = XCBuildConfiguration;
			buildSettings = {
				ALWAYS_EMBED_SWIFT_STANDARD_LIBRARIES = YES;
				INFOPLIST_FILE = HelloWorldUITests/Info.plist;
				LD_RUNPATH_SEARCH_PATHS = "$(inherited) @executable_path/Frameworks @loader_path/Frameworks";
				PRODUCT_BUNDLE_IDENTIFIER = ICC.HelloWorldUITests;
				PRODUCT_NAME = "$(TARGET_NAME)";
				SWIFT_VERSION = 3.0;
				TEST_TARGET_NAME = HelloWorld;
			};
			name = Debug;
		};
		2D8E2ABD1DD142D100745409 /* Release */ = {
			isa = XCBuildConfiguration;
			buildSettings = {
				ALWAYS_EMBED_SWIFT_STANDARD_LIBRARIES = YES;
				INFOPLIST_FILE = HelloWorldUITests/Info.plist;
				LD_RUNPATH_SEARCH_PATHS = "$(inherited) @executable_path/Frameworks @loader_path/Frameworks";
				PRODUCT_BUNDLE_IDENTIFIER = ICC.HelloWorldUITests;
				PRODUCT_NAME = "$(TARGET_NAME)";
				SWIFT_VERSION = 3.0;
				TEST_TARGET_NAME = HelloWorld;
			};
			name = Release;
		};
/* End XCBuildConfiguration section */

/* Begin XCConfigurationList section */
		2D8E2A881DD142D100745409 /* Build configuration list for PBXProject "HelloWorld" */ = {
			isa = XCConfigurationList;
			buildConfigurations = (
				2D8E2AB31DD142D100745409 /* Debug */,
				2D8E2AB41DD142D100745409 /* Release */,
			);
			defaultConfigurationIsVisible = 0;
			defaultConfigurationName = Release;
		};
		2D8E2AB51DD142D100745409 /* Build configuration list for PBXNativeTarget "HelloWorld" */ = {
			isa = XCConfigurationList;
			buildConfigurations = (
				2D8E2AB61DD142D100745409 /* Debug */,
				2D8E2AB71DD142D100745409 /* Release */,
			);
			defaultConfigurationIsVisible = 0;
			defaultConfigurationName = Release;
		};
		2D8E2AB81DD142D100745409 /* Build configuration list for PBXNativeTarget "HelloWorldTests" */ = {
			isa = XCConfigurationList;
			buildConfigurations = (
				2D8E2AB91DD142D100745409 /* Debug */,
				2D8E2ABA1DD142D100745409 /* Release */,
			);
			defaultConfigurationIsVisible = 0;
			defaultConfigurationName = Release;
		};
		2D8E2ABB1DD142D100745409 /* Build configuration list for PBXNativeTarget "HelloWorldUITests" */ = {
			isa = XCConfigurationList;
			buildConfigurations = (
				2D8E2ABC1DD142D100745409 /* Debug */,
				2D8E2ABD1DD142D100745409 /* Release */,
			);
			defaultConfigurationIsVisible = 0;
			defaultConfigurationName = Release;
		};
/* End XCConfigurationList section */
	};
	rootObject = 2D8E2A851DD142D100745409 /* Project object */;
}
